// !$*UTF8*$!
{
	archiveVersion = 1;
	classes = {
	};
	objectVersion = 48;
	objects = {

/* Begin PBXBuildFile section */
		8F209FE3205C16EC00405406 /* AppDelegate.swift in Sources */ = {isa = PBXBuildFile; fileRef = 8F209FE2205C16EC00405406 /* AppDelegate.swift */; };
		8F209FE5205C16EC00405406 /* ViewController.swift in Sources */ = {isa = PBXBuildFile; fileRef = 8F209FE4205C16EC00405406 /* ViewController.swift */; };
		8F209FE8205C16EC00405406 /* Main.storyboard in Resources */ = {isa = PBXBuildFile; fileRef = 8F209FE6205C16EC00405406 /* Main.storyboard */; };
		8F209FEA205C16EC00405406 /* Assets.xcassets in Resources */ = {isa = PBXBuildFile; fileRef = 8F209FE9205C16EC00405406 /* Assets.xcassets */; };
		8F209FED205C16EC00405406 /* LaunchScreen.storyboard in Resources */ = {isa = PBXBuildFile; fileRef = 8F209FEB205C16EC00405406 /* LaunchScreen.storyboard */; };
		8F209FF8205C16EC00405406 /* HLFreeModeButtonDemoTests.swift in Sources */ = {isa = PBXBuildFile; fileRef = 8F209FF7205C16EC00405406 /* HLFreeModeButtonDemoTests.swift */; };
		8F20A003205C16EC00405406 /* HLFreeModeButtonDemoUITests.swift in Sources */ = {isa = PBXBuildFile; fileRef = 8F20A002205C16EC00405406 /* HLFreeModeButtonDemoUITests.swift */; };
		8F20A016205C172100405406 /* HLFreeModeButtonViewController.swift in Sources */ = {isa = PBXBuildFile; fileRef = 8F20A012205C172100405406 /* HLFreeModeButtonViewController.swift */; };
		8F20A017205C172100405406 /* HLFreeModeButton.swift in Sources */ = {isa = PBXBuildFile; fileRef = 8F20A015205C172100405406 /* HLFreeModeButton.swift */; };
/* End PBXBuildFile section */

/* Begin PBXContainerItemProxy section */
		8F209FF4205C16EC00405406 /* PBXContainerItemProxy */ = {
			isa = PBXContainerItemProxy;
			containerPortal = 8F209FD7205C16EC00405406 /* Project object */;
			proxyType = 1;
			remoteGlobalIDString = 8F209FDE205C16EC00405406;
			remoteInfo = HLFreeModeButtonDemo;
		};
		8F209FFF205C16EC00405406 /* PBXContainerItemProxy */ = {
			isa = PBXContainerItemProxy;
			containerPortal = 8F209FD7205C16EC00405406 /* Project object */;
			proxyType = 1;
			remoteGlobalIDString = 8F209FDE205C16EC00405406;
			remoteInfo = HLFreeModeButtonDemo;
		};
/* End PBXContainerItemProxy section */

/* Begin PBXFileReference section */
		8F209FDF205C16EC00405406 /* HLFreeModeButtonDemo.app */ = {isa = PBXFileReference; explicitFileType = wrapper.application; includeInIndex = 0; path = HLFreeModeButtonDemo.app; sourceTree = BUILT_PRODUCTS_DIR; };
		8F209FE2205C16EC00405406 /* AppDelegate.swift */ = {isa = PBXFileReference; lastKnownFileType = sourcecode.swift; path = AppDelegate.swift; sourceTree = "<group>"; };
		8F209FE4205C16EC00405406 /* ViewController.swift */ = {isa = PBXFileReference; lastKnownFileType = sourcecode.swift; path = ViewController.swift; sourceTree = "<group>"; };
		8F209FE7205C16EC00405406 /* Base */ = {isa = PBXFileReference; lastKnownFileType = file.storyboard; name = Base; path = Base.lproj/Main.storyboard; sourceTree = "<group>"; };
		8F209FE9205C16EC00405406 /* Assets.xcassets */ = {isa = PBXFileReference; lastKnownFileType = folder.assetcatalog; path = Assets.xcassets; sourceTree = "<group>"; };
		8F209FEC205C16EC00405406 /* Base */ = {isa = PBXFileReference; lastKnownFileType = file.storyboard; name = Base; path = Base.lproj/LaunchScreen.storyboard; sourceTree = "<group>"; };
		8F209FEE205C16EC00405406 /* Info.plist */ = {isa = PBXFileReference; lastKnownFileType = text.plist.xml; path = Info.plist; sourceTree = "<group>"; };
		8F209FF3205C16EC00405406 /* HLFreeModeButtonDemoTests.xctest */ = {isa = PBXFileReference; explicitFileType = wrapper.cfbundle; includeInIndex = 0; path = HLFreeModeButtonDemoTests.xctest; sourceTree = BUILT_PRODUCTS_DIR; };
		8F209FF7205C16EC00405406 /* HLFreeModeButtonDemoTests.swift */ = {isa = PBXFileReference; lastKnownFileType = sourcecode.swift; path = HLFreeModeButtonDemoTests.swift; sourceTree = "<group>"; };
		8F209FF9205C16EC00405406 /* Info.plist */ = {isa = PBXFileReference; lastKnownFileType = text.plist.xml; path = Info.plist; sourceTree = "<group>"; };
		8F209FFE205C16EC00405406 /* HLFreeModeButtonDemoUITests.xctest */ = {isa = PBXFileReference; explicitFileType = wrapper.cfbundle; includeInIndex = 0; path = HLFreeModeButtonDemoUITests.xctest; sourceTree = BUILT_PRODUCTS_DIR; };
		8F20A002205C16EC00405406 /* HLFreeModeButtonDemoUITests.swift */ = {isa = PBXFileReference; lastKnownFileType = sourcecode.swift; path = HLFreeModeButtonDemoUITests.swift; sourceTree = "<group>"; };
		8F20A004205C16EC00405406 /* Info.plist */ = {isa = PBXFileReference; lastKnownFileType = text.plist.xml; path = Info.plist; sourceTree = "<group>"; };
		8F20A012205C172100405406 /* HLFreeModeButtonViewController.swift */ = {isa = PBXFileReference; fileEncoding = 4; lastKnownFileType = sourcecode.swift; path = HLFreeModeButtonViewController.swift; sourceTree = "<group>"; };
		8F20A015205C172100405406 /* HLFreeModeButton.swift */ = {isa = PBXFileReference; fileEncoding = 4; lastKnownFileType = sourcecode.swift; path = HLFreeModeButton.swift; sourceTree = "<group>"; };
/* End PBXFileReference section */

/* Begin PBXFrameworksBuildPhase section */
		8F209FDC205C16EC00405406 /* Frameworks */ = {
			isa = PBXFrameworksBuildPhase;
			buildActionMask = 2147483647;
			files = (
			);
			runOnlyForDeploymentPostprocessing = 0;
		};
		8F209FF0205C16EC00405406 /* Frameworks */ = {
			isa = PBXFrameworksBuildPhase;
			buildActionMask = 2147483647;
			files = (
			);
			runOnlyForDeploymentPostprocessing = 0;
		};
		8F209FFB205C16EC00405406 /* Frameworks */ = {
			isa = PBXFrameworksBuildPhase;
			buildActionMask = 2147483647;
			files = (
			);
			runOnlyForDeploymentPostprocessing = 0;
		};
/* End PBXFrameworksBuildPhase section */

/* Begin PBXGroup section */
		8F209FD6205C16EC00405406 = {
			isa = PBXGroup;
			children = (
				8F209FE1205C16EC00405406 /* HLFreeModeButtonDemo */,
				8F209FF6205C16EC00405406 /* HLFreeModeButtonDemoTests */,
				8F20A001205C16EC00405406 /* HLFreeModeButtonDemoUITests */,
				8F209FE0205C16EC00405406 /* Products */,
			);
			sourceTree = "<group>";
		};
		8F209FE0205C16EC00405406 /* Products */ = {
			isa = PBXGroup;
			children = (
				8F209FDF205C16EC00405406 /* HLFreeModeButtonDemo.app */,
				8F209FF3205C16EC00405406 /* HLFreeModeButtonDemoTests.xctest */,
				8F209FFE205C16EC00405406 /* HLFreeModeButtonDemoUITests.xctest */,
			);
			name = Products;
			sourceTree = "<group>";
		};
		8F209FE1205C16EC00405406 /* HLFreeModeButtonDemo */ = {
			isa = PBXGroup;
			children = (
				8F20A010205C172100405406 /* UIButton+FreeMode */,
				8F209FE2205C16EC00405406 /* AppDelegate.swift */,
				8F209FE4205C16EC00405406 /* ViewController.swift */,
				8F209FE6205C16EC00405406 /* Main.storyboard */,
				8F209FE9205C16EC00405406 /* Assets.xcassets */,
				8F209FEB205C16EC00405406 /* LaunchScreen.storyboard */,
				8F209FEE205C16EC00405406 /* Info.plist */,
			);
			path = HLFreeModeButtonDemo;
			sourceTree = "<group>";
		};
		8F209FF6205C16EC00405406 /* HLFreeModeButtonDemoTests */ = {
			isa = PBXGroup;
			children = (
				8F209FF7205C16EC00405406 /* HLFreeModeButtonDemoTests.swift */,
				8F209FF9205C16EC00405406 /* Info.plist */,
			);
			path = HLFreeModeButtonDemoTests;
			sourceTree = "<group>";
		};
		8F20A001205C16EC00405406 /* HLFreeModeButtonDemoUITests */ = {
			isa = PBXGroup;
			children = (
				8F20A002205C16EC00405406 /* HLFreeModeButtonDemoUITests.swift */,
				8F20A004205C16EC00405406 /* Info.plist */,
			);
			path = HLFreeModeButtonDemoUITests;
			sourceTree = "<group>";
		};
		8F20A010205C172100405406 /* UIButton+FreeMode */ = {
			isa = PBXGroup;
			children = (
				8F20A011205C172100405406 /* Controller */,
				8F20A013205C172100405406 /* Model */,
				8F20A014205C172100405406 /* View */,
			);
			path = "UIButton+FreeMode";
			sourceTree = "<group>";
		};
		8F20A011205C172100405406 /* Controller */ = {
			isa = PBXGroup;
			children = (
				8F20A012205C172100405406 /* HLFreeModeButtonViewController.swift */,
			);
			path = Controller;
			sourceTree = "<group>";
		};
		8F20A013205C172100405406 /* Model */ = {
			isa = PBXGroup;
			children = (
			);
			path = Model;
			sourceTree = "<group>";
		};
		8F20A014205C172100405406 /* View */ = {
			isa = PBXGroup;
			children = (
				8F20A015205C172100405406 /* HLFreeModeButton.swift */,
			);
			path = View;
			sourceTree = "<group>";
		};
/* End PBXGroup section */

/* Begin PBXNativeTarget section */
		8F209FDE205C16EC00405406 /* HLFreeModeButtonDemo */ = {
			isa = PBXNativeTarget;
			buildConfigurationList = 8F20A007205C16EC00405406 /* Build configuration list for PBXNativeTarget "HLFreeModeButtonDemo" */;
			buildPhases = (
				8F209FDB205C16EC00405406 /* Sources */,
				8F209FDC205C16EC00405406 /* Frameworks */,
				8F209FDD205C16EC00405406 /* Resources */,
			);
			buildRules = (
			);
			dependencies = (
			);
			name = HLFreeModeButtonDemo;
			productName = HLFreeModeButtonDemo;
			productReference = 8F209FDF205C16EC00405406 /* HLFreeModeButtonDemo.app */;
			productType = "com.apple.product-type.application";
		};
		8F209FF2205C16EC00405406 /* HLFreeModeButtonDemoTests */ = {
			isa = PBXNativeTarget;
			buildConfigurationList = 8F20A00A205C16EC00405406 /* Build configuration list for PBXNativeTarget "HLFreeModeButtonDemoTests" */;
			buildPhases = (
				8F209FEF205C16EC00405406 /* Sources */,
				8F209FF0205C16EC00405406 /* Frameworks */,
				8F209FF1205C16EC00405406 /* Resources */,
			);
			buildRules = (
			);
			dependencies = (
				8F209FF5205C16EC00405406 /* PBXTargetDependency */,
			);
			name = HLFreeModeButtonDemoTests;
			productName = HLFreeModeButtonDemoTests;
			productReference = 8F209FF3205C16EC00405406 /* HLFreeModeButtonDemoTests.xctest */;
			productType = "com.apple.product-type.bundle.unit-test";
		};
		8F209FFD205C16EC00405406 /* HLFreeModeButtonDemoUITests */ = {
			isa = PBXNativeTarget;
			buildConfigurationList = 8F20A00D205C16EC00405406 /* Build configuration list for PBXNativeTarget "HLFreeModeButtonDemoUITests" */;
			buildPhases = (
				8F209FFA205C16EC00405406 /* Sources */,
				8F209FFB205C16EC00405406 /* Frameworks */,
				8F209FFC205C16EC00405406 /* Resources */,
			);
			buildRules = (
			);
			dependencies = (
				8F20A000205C16EC00405406 /* PBXTargetDependency */,
			);
			name = HLFreeModeButtonDemoUITests;
			productName = HLFreeModeButtonDemoUITests;
			productReference = 8F209FFE205C16EC00405406 /* HLFreeModeButtonDemoUITests.xctest */;
			productType = "com.apple.product-type.bundle.ui-testing";
		};
/* End PBXNativeTarget section */

/* Begin PBXProject section */
		8F209FD7205C16EC00405406 /* Project object */ = {
			isa = PBXProject;
			attributes = {
				LastSwiftUpdateCheck = 0910;
				LastUpgradeCheck = 0910;
				ORGANIZATIONNAME = Dianzhi;
				TargetAttributes = {
					8F209FDE205C16EC00405406 = {
						CreatedOnToolsVersion = 9.1;
						ProvisioningStyle = Automatic;
					};
					8F209FF2205C16EC00405406 = {
						CreatedOnToolsVersion = 9.1;
						ProvisioningStyle = Automatic;
						TestTargetID = 8F209FDE205C16EC00405406;
					};
					8F209FFD205C16EC00405406 = {
						CreatedOnToolsVersion = 9.1;
						ProvisioningStyle = Automatic;
						TestTargetID = 8F209FDE205C16EC00405406;
					};
				};
			};
			buildConfigurationList = 8F209FDA205C16EC00405406 /* Build configuration list for PBXProject "HLFreeModeButtonDemo" */;
			compatibilityVersion = "Xcode 8.0";
			developmentRegion = en;
			hasScannedForEncodings = 0;
			knownRegions = (
				en,
				Base,
			);
			mainGroup = 8F209FD6205C16EC00405406;
			productRefGroup = 8F209FE0205C16EC00405406 /* Products */;
			projectDirPath = "";
			projectRoot = "";
			targets = (
				8F209FDE205C16EC00405406 /* HLFreeModeButtonDemo */,
				8F209FF2205C16EC00405406 /* HLFreeModeButtonDemoTests */,
				8F209FFD205C16EC00405406 /* HLFreeModeButtonDemoUITests */,
			);
		};
/* End PBXProject section */

/* Begin PBXResourcesBuildPhase section */
		8F209FDD205C16EC00405406 /* Resources */ = {
			isa = PBXResourcesBuildPhase;
			buildActionMask = 2147483647;
			files = (
				8F209FED205C16EC00405406 /* LaunchScreen.storyboard in Resources */,
				8F209FEA205C16EC00405406 /* Assets.xcassets in Resources */,
				8F209FE8205C16EC00405406 /* Main.storyboard in Resources */,
			);
			runOnlyForDeploymentPostprocessing = 0;
		};
		8F209FF1205C16EC00405406 /* Resources */ = {
			isa = PBXResourcesBuildPhase;
			buildActionMask = 2147483647;
			files = (
			);
			runOnlyForDeploymentPostprocessing = 0;
		};
		8F209FFC205C16EC00405406 /* Resources */ = {
			isa = PBXResourcesBuildPhase;
			buildActionMask = 2147483647;
			files = (
			);
			runOnlyForDeploymentPostprocessing = 0;
		};
/* End PBXResourcesBuildPhase section */

/* Begin PBXSourcesBuildPhase section */
		8F209FDB205C16EC00405406 /* Sources */ = {
			isa = PBXSourcesBuildPhase;
			buildActionMask = 2147483647;
			files = (
				8F20A017205C172100405406 /* HLFreeModeButton.swift in Sources */,
				8F209FE5205C16EC00405406 /* ViewController.swift in Sources */,
				8F209FE3205C16EC00405406 /* AppDelegate.swift in Sources */,
				8F20A016205C172100405406 /* HLFreeModeButtonViewController.swift in Sources */,
			);
			runOnlyForDeploymentPostprocessing = 0;
		};
		8F209FEF205C16EC00405406 /* Sources */ = {
			isa = PBXSourcesBuildPhase;
			buildActionMask = 2147483647;
			files = (
				8F209FF8205C16EC00405406 /* HLFreeModeButtonDemoTests.swift in Sources */,
			);
			runOnlyForDeploymentPostprocessing = 0;
		};
		8F209FFA205C16EC00405406 /* Sources */ = {
			isa = PBXSourcesBuildPhase;
			buildActionMask = 2147483647;
			files = (
				8F20A003205C16EC00405406 /* HLFreeModeButtonDemoUITests.swift in Sources */,
			);
			runOnlyForDeploymentPostprocessing = 0;
		};
/* End PBXSourcesBuildPhase section */

/* Begin PBXTargetDependency section */
		8F209FF5205C16EC00405406 /* PBXTargetDependency */ = {
			isa = PBXTargetDependency;
			target = 8F209FDE205C16EC00405406 /* HLFreeModeButtonDemo */;
			targetProxy = 8F209FF4205C16EC00405406 /* PBXContainerItemProxy */;
		};
		8F20A000205C16EC00405406 /* PBXTargetDependency */ = {
			isa = PBXTargetDependency;
			target = 8F209FDE205C16EC00405406 /* HLFreeModeButtonDemo */;
			targetProxy = 8F209FFF205C16EC00405406 /* PBXContainerItemProxy */;
		};
/* End PBXTargetDependency section */

/* Begin PBXVariantGroup section */
		8F209FE6205C16EC00405406 /* Main.storyboard */ = {
			isa = PBXVariantGroup;
			children = (
				8F209FE7205C16EC00405406 /* Base */,
			);
			name = Main.storyboard;
			sourceTree = "<group>";
		};
		8F209FEB205C16EC00405406 /* LaunchScreen.storyboard */ = {
			isa = PBXVariantGroup;
			children = (
				8F209FEC205C16EC00405406 /* Base */,
			);
			name = LaunchScreen.storyboard;
			sourceTree = "<group>";
		};
/* End PBXVariantGroup section */

/* Begin XCBuildConfiguration section */
		8F20A005205C16EC00405406 /* Debug */ = {
			isa = XCBuildConfiguration;
			buildSettings = {
				ALWAYS_SEARCH_USER_PATHS = NO;
				CLANG_ANALYZER_NONNULL = YES;
				CLANG_ANALYZER_NUMBER_OBJECT_CONVERSION = YES_AGGRESSIVE;
				CLANG_CXX_LANGUAGE_STANDARD = "gnu++14";
				CLANG_CXX_LIBRARY = "libc++";
				CLANG_ENABLE_MODULES = YES;
				CLANG_ENABLE_OBJC_ARC = YES;
				CLANG_WARN_BLOCK_CAPTURE_AUTORELEASING = YES;
				CLANG_WARN_BOOL_CONVERSION = YES;
				CLANG_WARN_COMMA = YES;
				CLANG_WARN_CONSTANT_CONVERSION = YES;
				CLANG_WARN_DIRECT_OBJC_ISA_USAGE = YES_ERROR;
				CLANG_WARN_DOCUMENTATION_COMMENTS = YES;
				CLANG_WARN_EMPTY_BODY = YES;
				CLANG_WARN_ENUM_CONVERSION = YES;
				CLANG_WARN_INFINITE_RECURSION = YES;
				CLANG_WARN_INT_CONVERSION = YES;
				CLANG_WARN_NON_LITERAL_NULL_CONVERSION = YES;
				CLANG_WARN_OBJC_LITERAL_CONVERSION = YES;
				CLANG_WARN_OBJC_ROOT_CLASS = YES_ERROR;
				CLANG_WARN_RANGE_LOOP_ANALYSIS = YES;
				CLANG_WARN_STRICT_PROTOTYPES = YES;
				CLANG_WARN_SUSPICIOUS_MOVE = YES;
				CLANG_WARN_UNGUARDED_AVAILABILITY = YES_AGGRESSIVE;
				CLANG_WARN_UNREACHABLE_CODE = YES;
				CLANG_WARN__DUPLICATE_METHOD_MATCH = YES;
				CODE_SIGN_IDENTITY = "iPhone Developer";
				COPY_PHASE_STRIP = NO;
				DEBUG_INFORMATION_FORMAT = dwarf;
				ENABLE_STRICT_OBJC_MSGSEND = YES;
				ENABLE_TESTABILITY = YES;
				GCC_C_LANGUAGE_STANDARD = gnu11;
				GCC_DYNAMIC_NO_PIC = NO;
				GCC_NO_COMMON_BLOCKS = YES;
				GCC_OPTIMIZATION_LEVEL = 0;
				GCC_PREPROCESSOR_DEFINITIONS = (
					"DEBUG=1",
					"$(inherited)",
				);
				GCC_WARN_64_TO_32_BIT_CONVERSION = YES;
				GCC_WARN_ABOUT_RETURN_TYPE = YES_ERROR;
				GCC_WARN_UNDECLARED_SELECTOR = YES;
				GCC_WARN_UNINITIALIZED_AUTOS = YES_AGGRESSIVE;
				GCC_WARN_UNUSED_FUNCTION = YES;
				GCC_WARN_UNUSED_VARIABLE = YES;
				IPHONEOS_DEPLOYMENT_TARGET = 11.1;
				MTL_ENABLE_DEBUG_INFO = YES;
				ONLY_ACTIVE_ARCH = YES;
				SDKROOT = iphoneos;
				SWIFT_ACTIVE_COMPILATION_CONDITIONS = DEBUG;
				SWIFT_OPTIMIZATION_LEVEL = "-Onone";
			};
			name = Debug;
		};
		8F20A006205C16EC00405406 /* Release */ = {
			isa = XCBuildConfiguration;
			buildSettings = {
				ALWAYS_SEARCH_USER_PATHS = NO;
				CLANG_ANALYZER_NONNULL = YES;
				CLANG_ANALYZER_NUMBER_OBJECT_CONVERSION = YES_AGGRESSIVE;
				CLANG_CXX_LANGUAGE_STANDARD = "gnu++14";
				CLANG_CXX_LIBRARY = "libc++";
				CLANG_ENABLE_MODULES = YES;
				CLANG_ENABLE_OBJC_ARC = YES;
				CLANG_WARN_BLOCK_CAPTURE_AUTORELEASING = YES;
				CLANG_WARN_BOOL_CONVERSION = YES;
				CLANG_WARN_COMMA = YES;
				CLANG_WARN_CONSTANT_CONVERSION = YES;
				CLANG_WARN_DIRECT_OBJC_ISA_USAGE = YES_ERROR;
				CLANG_WARN_DOCUMENTATION_COMMENTS = YES;
				CLANG_WARN_EMPTY_BODY = YES;
				CLANG_WARN_ENUM_CONVERSION = YES;
				CLANG_WARN_INFINITE_RECURSION = YES;
				CLANG_WARN_INT_CONVERSION = YES;
				CLANG_WARN_NON_LITERAL_NULL_CONVERSION = YES;
				CLANG_WARN_OBJC_LITERAL_CONVERSION = YES;
				CLANG_WARN_OBJC_ROOT_CLASS = YES_ERROR;
				CLANG_WARN_RANGE_LOOP_ANALYSIS = YES;
				CLANG_WARN_STRICT_PROTOTYPES = YES;
				CLANG_WARN_SUSPICIOUS_MOVE = YES;
				CLANG_WARN_UNGUARDED_AVAILABILITY = YES_AGGRESSIVE;
				CLANG_WARN_UNREACHABLE_CODE = YES;
				CLANG_WARN__DUPLICATE_METHOD_MATCH = YES;
				CODE_SIGN_IDENTITY = "iPhone Developer";
				COPY_PHASE_STRIP = NO;
				DEBUG_INFORMATION_FORMAT = "dwarf-with-dsym";
				ENABLE_NS_ASSERTIONS = NO;
				ENABLE_STRICT_OBJC_MSGSEND = YES;
				GCC_C_LANGUAGE_STANDARD = gnu11;
				GCC_NO_COMMON_BLOCKS = YES;
				GCC_WARN_64_TO_32_BIT_CONVERSION = YES;
				GCC_WARN_ABOUT_RETURN_TYPE = YES_ERROR;
				GCC_WARN_UNDECLARED_SELECTOR = YES;
				GCC_WARN_UNINITIALIZED_AUTOS = YES_AGGRESSIVE;
				GCC_WARN_UNUSED_FUNCTION = YES;
				GCC_WARN_UNUSED_VARIABLE = YES;
				IPHONEOS_DEPLOYMENT_TARGET = 11.1;
				MTL_ENABLE_DEBUG_INFO = NO;
				SDKROOT = iphoneos;
				SWIFT_OPTIMIZATION_LEVEL = "-Owholemodule";
				VALIDATE_PRODUCT = YES;
			};
			name = Release;
		};
		8F20A008205C16EC00405406 /* Debug */ = {
			isa = XCBuildConfiguration;
			buildSettings = {
				ASSETCATALOG_COMPILER_APPICON_NAME = AppIcon;
				CODE_SIGN_STYLE = Automatic;
				DEVELOPMENT_TEAM = JZ4N33QRV7;
				INFOPLIST_FILE = HLFreeModeButtonDemo/Info.plist;
				LD_RUNPATH_SEARCH_PATHS = "$(inherited) @executable_path/Frameworks";
				PRODUCT_BUNDLE_IDENTIFIER = HuilinZhu.DianZhi.Com.HLFreeModeButtonDemo;
				PRODUCT_NAME = "$(TARGET_NAME)";
				SWIFT_VERSION = 4.0;
				TARGETED_DEVICE_FAMILY = "1,2";
			};
			name = Debug;
		};
		8F20A009205C16EC00405406 /* Release */ = {
			isa = XCBuildConfiguration;
			buildSettings = {
				ASSETCATALOG_COMPILER_APPICON_NAME = AppIcon;
				CODE_SIGN_STYLE = Automatic;
				DEVELOPMENT_TEAM = JZ4N33QRV7;
				INFOPLIST_FILE = HLFreeModeButtonDemo/Info.plist;
				LD_RUNPATH_SEARCH_PATHS = "$(inherited) @executable_path/Frameworks";
				PRODUCT_BUNDLE_IDENTIFIER = HuilinZhu.DianZhi.Com.HLFreeModeButtonDemo;
				PRODUCT_NAME = "$(TARGET_NAME)";
				SWIFT_VERSION = 4.0;
				TARGETED_DEVICE_FAMILY = "1,2";
			};
			name = Release;
		};
		8F20A00B205C16EC00405406 /* Debug */ = {
			isa = XCBuildConfiguration;
			buildSettings = {
				ALWAYS_EMBED_SWIFT_STANDARD_LIBRARIES = YES;
				BUNDLE_LOADER = "$(TEST_HOST)";
				CODE_SIGN_STYLE = Automatic;
				DEVELOPMENT_TEAM = JZ4N33QRV7;
				INFOPLIST_FILE = HLFreeModeButtonDemoTests/Info.plist;
				LD_RUNPATH_SEARCH_PATHS = "$(inherited) @executable_path/Frameworks @loader_path/Frameworks";
				PRODUCT_BUNDLE_IDENTIFIER = HuilinZhu.DianZhi.Com.HLFreeModeButtonDemoTests;
				PRODUCT_NAME = "$(TARGET_NAME)";
				SWIFT_VERSION = 4.0;
				TARGETED_DEVICE_FAMILY = "1,2";
				TEST_HOST = "$(BUILT_PRODUCTS_DIR)/HLFreeModeButtonDemo.app/HLFreeModeButtonDemo";
			};
			name = Debug;
		};
		8F20A00C205C16EC00405406 /* Release */ = {
			isa = XCBuildConfiguration;
			buildSettings = {
				ALWAYS_EMBED_SWIFT_STANDARD_LIBRARIES = YES;
				BUNDLE_LOADER = "$(TEST_HOST)";
				CODE_SIGN_STYLE = Automatic;
				DEVELOPMENT_TEAM = JZ4N33QRV7;
				INFOPLIST_FILE = HLFreeModeButtonDemoTests/Info.plist;
				LD_RUNPATH_SEARCH_PATHS = "$(inherited) @executable_path/Frameworks @loader_path/Frameworks";
				PRODUCT_BUNDLE_IDENTIFIER = HuilinZhu.DianZhi.Com.HLFreeModeButtonDemoTests;
				PRODUCT_NAME = "$(TARGET_NAME)";
				SWIFT_VERSION = 4.0;
				TARGETED_DEVICE_FAMILY = "1,2";
				TEST_HOST = "$(BUILT_PRODUCTS_DIR)/HLFreeModeButtonDemo.app/HLFreeModeButtonDemo";
			};
			name = Release;
		};
		8F20A00E205C16EC00405406 /* Debug */ = {
			isa = XCBuildConfiguration;
			buildSettings = {
				ALWAYS_EMBED_SWIFT_STANDARD_LIBRARIES = YES;
				CODE_SIGN_STYLE = Automatic;
				DEVELOPMENT_TEAM = JZ4N33QRV7;
				INFOPLIST_FILE = HLFreeModeButtonDemoUITests/Info.plist;
				LD_RUNPATH_SEARCH_PATHS = "$(inherited) @executable_path/Frameworks @loader_path/Frameworks";
				PRODUCT_BUNDLE_IDENTIFIER = HuilinZhu.DianZhi.Com.HLFreeModeButtonDemoUITests;
				PRODUCT_NAME = "$(TARGET_NAME)";
				SWIFT_VERSION = 4.0;
				TARGETED_DEVICE_FAMILY = "1,2";
				TEST_TARGET_NAME = HLFreeModeButtonDemo;
			};
			name = Debug;
		};
		8F20A00F205C16EC00405406 /* Release */ = {
			isa = XCBuildConfiguration;
			buildSettings = {
				ALWAYS_EMBED_SWIFT_STANDARD_LIBRARIES = YES;
				CODE_SIGN_STYLE = Automatic;
				DEVELOPMENT_TEAM = JZ4N33QRV7;
				INFOPLIST_FILE = HLFreeModeButtonDemoUITests/Info.plist;
				LD_RUNPATH_SEARCH_PATHS = "$(inherited) @executable_path/Frameworks @loader_path/Frameworks";
				PRODUCT_BUNDLE_IDENTIFIER = HuilinZhu.DianZhi.Com.HLFreeModeButtonDemoUITests;
				PRODUCT_NAME = "$(TARGET_NAME)";
				SWIFT_VERSION = 4.0;
				TARGETED_DEVICE_FAMILY = "1,2";
				TEST_TARGET_NAME = HLFreeModeButtonDemo;
			};
			name = Release;
		};
/* End XCBuildConfiguration section */

/* Begin XCConfigurationList section */
		8F209FDA205C16EC00405406 /* Build configuration list for PBXProject "HLFreeModeButtonDemo" */ = {
			isa = XCConfigurationList;
			buildConfigurations = (
				8F20A005205C16EC00405406 /* Debug */,
				8F20A006205C16EC00405406 /* Release */,
			);
			defaultConfigurationIsVisible = 0;
			defaultConfigurationName = Release;
		};
		8F20A007205C16EC00405406 /* Build configuration list for PBXNativeTarget "HLFreeModeButtonDemo" */ = {
			isa = XCConfigurationList;
			buildConfigurations = (
				8F20A008205C16EC00405406 /* Debug */,
				8F20A009205C16EC00405406 /* Release */,
			);
			defaultConfigurationIsVisible = 0;
			defaultConfigurationName = Release;
		};
		8F20A00A205C16EC00405406 /* Build configuration list for PBXNativeTarget "HLFreeModeButtonDemoTests" */ = {
			isa = XCConfigurationList;
			buildConfigurations = (
				8F20A00B205C16EC00405406 /* Debug */,
				8F20A00C205C16EC00405406 /* Release */,
			);
			defaultConfigurationIsVisible = 0;
			defaultConfigurationName = Release;
		};
		8F20A00D205C16EC00405406 /* Build configuration list for PBXNativeTarget "HLFreeModeButtonDemoUITests" */ = {
			isa = XCConfigurationList;
			buildConfigurations = (
				8F20A00E205C16EC00405406 /* Debug */,
				8F20A00F205C16EC00405406 /* Release */,
			);
			defaultConfigurationIsVisible = 0;
			defaultConfigurationName = Release;
		};
/* End XCConfigurationList section */
	};
	rootObject = 8F209FD7205C16EC00405406 /* Project object */;
}
